
Microsoft Visual Studio Solution File, Format Version 12.00
# Visual Studio Version 16
VisualStudioVersion = 16.0.810.14
MinimumVisualStudioVersion = 10.0.40219.1
Project("{FAE04EC0-301F-11D3-BF4B-00C04F79EFBC}") = "CustomAuthentication", "CustomAuthentication\CustomAuthentication.csproj", "{347F375C-1C69-471B-A41A-BD2573E028FF}"
EndProject
Global
	GlobalSection(SolutionConfigurationPlatforms) = preSolution
		Debug|Any CPU = Debug|Any CPU
		Release|Any CPU = Release|Any CPU
	EndGlobalSection
	GlobalSection(ProjectConfigurationPlatforms) = postSolution
		{347F375C-1C69-471B-A41A-BD2573E028FF}.Debug|Any CPU.ActiveCfg = Debug|Any CPU
		{347F375C-1C69-471B-A41A-BD2573E028FF}.Debug|Any CPU.Build.0 = Debug|Any CPU
		{347F375C-1C69-471B-A41A-BD2573E028FF}.Release|Any CPU.ActiveCfg = Release|Any CPU
		{347F375C-1C69-471B-A41A-BD2573E028FF}.Release|Any CPU.Build.0 = Release|Any CPU
	EndGlobalSection
	GlobalSection(SolutionProperties) = preSolution
		HideSolutionNode = FALSE
	EndGlobalSection
	GlobalSection(ExtensibilityGlobals) = postSolution
		SolutionGuid = {69444E52-5204-469D-8AAA-6E5624F30A1D}
	EndGlobalSection
EndGlobal
